
Microsoft Visual Studio Solution File, Format Version 12.00
# Visual Studio Version 17
VisualStudioVersion = 17.7.33808.371
MinimumVisualStudioVersion = 10.0.40219.1
Project("{9A19103F-16F7-4668-BE54-9A1E7A4F7556}") = "AgendaManager", "AgendaManager\AgendaManager.csproj", "{EF3177E4-0A75-4F94-9676-F0DC5FCBE903}"
EndProject
Project("{9A19103F-16F7-4668-BE54-9A1E7A4F7556}") = "AgendaLibrary", "AgendaLibrary\AgendaLibrary.csproj", "{5BB6EBDB-BD49-4B7C-915F-F6095BCD3DA4}"
EndProject
Project("{FAE04EC0-301F-11D3-BF4B-00C04F79EFBC}") = "AgendaManagerUpdater", "AgendaManagerUpdater\AgendaManagerUpdater.csproj", "{DD8AD267-4CE7-4E51-BEE1-283430BCABB6}"
EndProject
Global
	GlobalSection(SolutionConfigurationPlatforms) = preSolution
		Debug|Any CPU = Debug|Any CPU
		Release|Any CPU = Release|Any CPU
	EndGlobalSection
	GlobalSection(ProjectConfigurationPlatforms) = postSolution
		{EF3177E4-0A75-4F94-9676-F0DC5FCBE903}.Debug|Any CPU.ActiveCfg = Debug|Any CPU
		{EF3177E4-0A75-4F94-9676-F0DC5FCBE903}.Debug|Any CPU.Build.0 = Debug|Any CPU
		{EF3177E4-0A75-4F94-9676-F0DC5FCBE903}.Release|Any CPU.ActiveCfg = Release|Any CPU
		{EF3177E4-0A75-4F94-9676-F0DC5FCBE903}.Release|Any CPU.Build.0 = Release|Any CPU
		{5BB6EBDB-BD49-4B7C-915F-F6095BCD3DA4}.Debug|Any CPU.ActiveCfg = Debug|Any CPU
		{5BB6EBDB-BD49-4B7C-915F-F6095BCD3DA4}.Debug|Any CPU.Build.0 = Debug|Any CPU
		{5BB6EBDB-BD49-4B7C-915F-F6095BCD3DA4}.Release|Any CPU.ActiveCfg = Release|Any CPU
		{5BB6EBDB-BD49-4B7C-915F-F6095BCD3DA4}.Release|Any CPU.Build.0 = Release|Any CPU
		{DD8AD267-4CE7-4E51-BEE1-283430BCABB6}.Debug|Any CPU.ActiveCfg = Debug|Any CPU
		{DD8AD267-4CE7-4E51-BEE1-283430BCABB6}.Debug|Any CPU.Build.0 = Debug|Any CPU
		{DD8AD267-4CE7-4E51-BEE1-283430BCABB6}.Release|Any CPU.ActiveCfg = Release|Any CPU
		{DD8AD267-4CE7-4E51-BEE1-283430BCABB6}.Release|Any CPU.Build.0 = Release|Any CPU
	EndGlobalSection
	GlobalSection(SolutionProperties) = preSolution
		HideSolutionNode = FALSE
	EndGlobalSection
	GlobalSection(ExtensibilityGlobals) = postSolution
		SolutionGuid = {D7BCC2BA-3D2B-4B37-9366-CEE5D4033AF7}
	EndGlobalSection
EndGlobal
