
Microsoft Visual Studio Solution File, Format Version 12.00
# Visual Studio Version 17
VisualStudioVersion = 17.7.33808.371
MinimumVisualStudioVersion = 10.0.40219.1
Project("{9A19103F-16F7-4668-BE54-9A1E7A4F7556}") = "AgendaManager", "AgendaManager.csproj", "{8680F4CB-3CA6-4385-ABAA-3803F5EA5572}"
EndProject
Project("{FAE04EC0-301F-11D3-BF4B-00C04F79EFBC}") = "AgendaLibrary", "Z:\agenda-manager\AgendaLibrary\AgendaLibrary.csproj", "{5DF377E3-C936-4CFF-A087-D48D26D643BF}"
EndProject
Global
	GlobalSection(SolutionConfigurationPlatforms) = preSolution
		Debug|Any CPU = Debug|Any CPU
		Release|Any CPU = Release|Any CPU
	EndGlobalSection
	GlobalSection(ProjectConfigurationPlatforms) = postSolution
		{8680F4CB-3CA6-4385-ABAA-3803F5EA5572}.Debug|Any CPU.ActiveCfg = Debug|Any CPU
		{8680F4CB-3CA6-4385-ABAA-3803F5EA5572}.Debug|Any CPU.Build.0 = Debug|Any CPU
		{8680F4CB-3CA6-4385-ABAA-3803F5EA5572}.Release|Any CPU.ActiveCfg = Release|Any CPU
		{8680F4CB-3CA6-4385-ABAA-3803F5EA5572}.Release|Any CPU.Build.0 = Release|Any CPU
		{5DF377E3-C936-4CFF-A087-D48D26D643BF}.Debug|Any CPU.ActiveCfg = Debug|Any CPU
		{5DF377E3-C936-4CFF-A087-D48D26D643BF}.Debug|Any CPU.Build.0 = Debug|Any CPU
		{5DF377E3-C936-4CFF-A087-D48D26D643BF}.Release|Any CPU.ActiveCfg = Release|Any CPU
		{5DF377E3-C936-4CFF-A087-D48D26D643BF}.Release|Any CPU.Build.0 = Release|Any CPU
	EndGlobalSection
	GlobalSection(SolutionProperties) = preSolution
		HideSolutionNode = FALSE
	EndGlobalSection
	GlobalSection(ExtensibilityGlobals) = postSolution
		SolutionGuid = {D7BCC2BA-3D2B-4B37-9366-CEE5D4033AF7}
	EndGlobalSection
EndGlobal
